
Microsoft Visual Studio Solution File, Format Version 12.00
# Visual Studio Version 17
VisualStudioVersion = 17.5.33530.505
MinimumVisualStudioVersion = 10.0.40219.1
Project("{9A19103F-16F7-4668-BE54-9A1E7A4F7556}") = "bt_api", "bt_api\bt_api.csproj", "{07374D1C-349A-4A1F-8EBF-3145D7887467}"
EndProject
Project("{FAE04EC0-301F-11D3-BF4B-00C04F79EFBC}") = "bt_api_tests", "bt_api_tests\bt_api_tests.csproj", "{A23AC07A-AA2E-479A-B561-36A06863801C}"
EndProject
Global
	GlobalSection(SolutionConfigurationPlatforms) = preSolution
		Debug|Any CPU = Debug|Any CPU
		Release|Any CPU = Release|Any CPU
	EndGlobalSection
	GlobalSection(ProjectConfigurationPlatforms) = postSolution
		{07374D1C-349A-4A1F-8EBF-3145D7887467}.Debug|Any CPU.ActiveCfg = Debug|Any CPU
		{07374D1C-349A-4A1F-8EBF-3145D7887467}.Debug|Any CPU.Build.0 = Debug|Any CPU
		{07374D1C-349A-4A1F-8EBF-3145D7887467}.Release|Any CPU.ActiveCfg = Release|Any CPU
		{07374D1C-349A-4A1F-8EBF-3145D7887467}.Release|Any CPU.Build.0 = Release|Any CPU
		{A23AC07A-AA2E-479A-B561-36A06863801C}.Debug|Any CPU.ActiveCfg = Debug|Any CPU
		{A23AC07A-AA2E-479A-B561-36A06863801C}.Debug|Any CPU.Build.0 = Debug|Any CPU
		{A23AC07A-AA2E-479A-B561-36A06863801C}.Release|Any CPU.ActiveCfg = Release|Any CPU
		{A23AC07A-AA2E-479A-B561-36A06863801C}.Release|Any CPU.Build.0 = Release|Any CPU
	EndGlobalSection
	GlobalSection(SolutionProperties) = preSolution
		HideSolutionNode = FALSE
	EndGlobalSection
	GlobalSection(ExtensibilityGlobals) = postSolution
		SolutionGuid = {D2B2C041-18D6-4B40-855F-C20E9B481ED2}
	EndGlobalSection
EndGlobal
